
Microsoft Visual Studio Solution File, Format Version 12.00
# Visual Studio 2012
Project("{FAE04EC0-301F-11D3-BF4B-00C04F79EFBC}") = "PythonPlotter", "PythonPlotter.csproj", "{7013C931-AAB9-4B60-A7CA-F71F6F1B09C9}"
EndProject
Global
	GlobalSection(SolutionConfigurationPlatforms) = preSolution
		Debug|Any CPU = Debug|Any CPU
		Release|Any CPU = Release|Any CPU
	EndGlobalSection
	GlobalSection(ProjectConfigurationPlatforms) = postSolution
		{7013C931-AAB9-4B60-A7CA-F71F6F1B09C9}.Debug|Any CPU.ActiveCfg = Debug|Any CPU
		{7013C931-AAB9-4B60-A7CA-F71F6F1B09C9}.Debug|Any CPU.Build.0 = Debug|Any CPU
		{7013C931-AAB9-4B60-A7CA-F71F6F1B09C9}.Release|Any CPU.ActiveCfg = Release|Any CPU
		{7013C931-AAB9-4B60-A7CA-F71F6F1B09C9}.Release|Any CPU.Build.0 = Release|Any CPU
	EndGlobalSection
EndGlobal
